github.com/dvyukov/go-fuzz v0.0.0-20201127111758-49e582c6c23d/go.mod h1:11Gm+ccJnvAhCNLlf5+cS9KjtbaD5I5zaZpFMsTHWTw=
go4.org/intern v0.0.0-20210108033219-3eb7198706b2 h1:VFTf+jjIgsldaz/Mr00VaCSswHJrI2hIjQygE/W4IMg=
go4.org/intern v0.0.0-20210108033219-3eb7198706b2/go.mod h1:vLqJ+12kCw61iCWsPto0EOHhBS+o4rO5VIucbc9g2Cc=
go4.org/unsafe/assume-no-moving-gc v0.0.0-20201222175341-b30ae309168e/go.mod h1:FftLjUGFEDu5k8lt0ddY+HcrH/qU/0qk+H8j9/nTl3E=
go4.org/unsafe/assume-no-moving-gc v0.0.0-20201222180813-1025295fd063 h1:1tk03FUNpulq2cuWpXZWj649rwJpk0d20rxWiopKRmc=
go4.org/unsafe/assume-no-moving-gc v0.0.0-20201222180813-1025295fd063/go.mod h1:FftLjUGFEDu5k8lt0ddY+HcrH/qU/0qk+H8j9/nTl3E=
golang.org/x/crypto v0.0.0-20180228161326-91a49db82a88 h1:jLkAo/qlT9whgCLYC5GAJ9kcKrv3Wj8VCc4N+KJ4wpw=
golang.org/x/crypto v0.0.0-20180228161326-91a49db82a88/go.mod h1:6SG95UA2DQfeDnfUPMdvaQW0Q7yPrPDi9nlGo2tz2b4=
golang.org/x/crypto v0.0.0-20190308221718-c2843e01d9a2/go.mod h1:djNgcEr1/C05ACkg1iLfiJU5Ep61QUkGW8qpdssI0+w=
golang.org/x/crypto v0.0.0-20210220033148-5ea612d1eb83 h1:/ZScEX8SfEmUGRHs0gxpqteO5nfNW6axyZbBdw9A12g=
golang.org/x/crypto v0.0.0-20210220033148-5ea612d1eb83/go.mod h1:jdWPYTVW3xRLrWPugEBEK3UY2ZEsg3UU495nc5E+M+I=
golang.org/x/net v0.0.0-20190404232315-eb5bcb51f2a3/go.mod h1:t9HGtf8HONx5eT2rtn7q6eTqICYqUVnKs3thJo3Qplg=
golang.org/x/sys v0.0.0-20190215142949-d0b11bdaac8a/go.mod h1:STP8DvDyc/dI5b8T5hshtkjS+E42TnysNCUPdjciGhY=
golang.org/x/sys v0.0.0-20191026070338-33540a1f6037 h1:YyJpGZS1sBuBCzLAR1VEpK193GlqGZbnPFnPV/5Rsb4=
golang.org/x/sys v0.0.0-20191026070338-33540a1f6037/go.mod h1:h1NjWce9XRLGQEsW7wpKNCjG9DtNlClVuFLEZdDNbEs=
golang.org/x/sys v0.0.0-20210313202042-bd2e13477e9c h1:coiPEfMv+ThsjULRDygLrJVlNE1gDdL2g65s0LhV2os=
golang.org/x/sys v0.0.0-20210313202042-bd2e13477e9c/go.mod h1:h1NjWce9XRLGQEsW7wpKNCjG9DtNlClVuFLEZdDNbEs=
golang.org/x/term v0.0.0-20201117132131-f5c789dd3221/go.mod h1:Nr5EML6q2oocZ2LXRh80K7BxOlk5/8JxuGnuhpl+muw=
golang.org/x/text v0.3.0/go.mod h1:NqM8EUOU14njkJ3fqMW+pc6Ldnwhi/IjpwHt7yyuwOQ=
inet.af v0.0.0-20181218191229-53da77bc832c h1:U3RoiyEF5b3Y1SVL6NNvpkgqUz2qS3a0OJh9kpSCN04=
inet.af/netaddr v0.0.0-20210313195008-843b4240e319 h1:cSGjHEjS/Nu6pts6yZfSYsRqcfW5ieqSrQI+XcZQObM=
inet.af/netaddr v0.0.0-20210313195008-843b4240e319/go.mod h1:I2i9ONCXRZDnG1+7O8fSuYzjcPxHQXrIfzD/IkR87x4=
